// !$*UTF8*$!
{
	archiveVersion = 1;
	classes = {
	};
	objectVersion = 56;
	objects = {

/* Begin PBXBuildFile section */
		1732C9FC29A6607500C2BC1F /* SwiftUICoordinatorExampleApp.swift in Sources */ = {isa = PBXBuildFile; fileRef = 1732C9FB29A6607500C2BC1F /* SwiftUICoordinatorExampleApp.swift */; };
		1732CA0029A6607800C2BC1F /* Assets.xcassets in Resources */ = {isa = PBXBuildFile; fileRef = 1732C9FF29A6607800C2BC1F /* Assets.xcassets */; };
		1732CA0329A6607800C2BC1F /* Preview Assets.xcassets in Resources */ = {isa = PBXBuildFile; fileRef = 1732CA0229A6607800C2BC1F /* Preview Assets.xcassets */; };
		17360A412A1275D600DB2296 /* FadeTransition.swift in Sources */ = {isa = PBXBuildFile; fileRef = 17360A402A1275D600DB2296 /* FadeTransition.swift */; };
		1769698E2AB49FCF00CD6696 /* DeepLinkHandler.swift in Sources */ = {isa = PBXBuildFile; fileRef = 1769698D2AB49FCF00CD6696 /* DeepLinkHandler.swift */; };
		176F3CB529B8BF71009C4987 /* ShapesView.swift in Sources */ = {isa = PBXBuildFile; fileRef = 176F3CB429B8BF71009C4987 /* ShapesView.swift */; };
		176F3CB829B8C05B009C4987 /* ShapesCoordinator.swift in Sources */ = {isa = PBXBuildFile; fileRef = 176F3CB729B8C05B009C4987 /* ShapesCoordinator.swift */; };
		176F3CBB29B8C162009C4987 /* ShapesRoute.swift in Sources */ = {isa = PBXBuildFile; fileRef = 176F3CBA29B8C162009C4987 /* ShapesRoute.swift */; };
		17AABAED2A6D5CF400AFE8A7 /* SimpleShapesAction.swift in Sources */ = {isa = PBXBuildFile; fileRef = 17AABAEC2A6D5CF400AFE8A7 /* SimpleShapesAction.swift */; };
		17AABAEF2A6D5E1500AFE8A7 /* CustomShapesAction.swift in Sources */ = {isa = PBXBuildFile; fileRef = 17AABAEE2A6D5E1500AFE8A7 /* CustomShapesAction.swift */; };
		17AABAF12A6D5F2100AFE8A7 /* ShapesAction.swift in Sources */ = {isa = PBXBuildFile; fileRef = 17AABAF02A6D5F2100AFE8A7 /* ShapesAction.swift */; };
		17F1183529CC63B1004755DB /* SimpleShapesView.swift in Sources */ = {isa = PBXBuildFile; fileRef = 17F1183429CC63B1004755DB /* SimpleShapesView.swift */; };
		17F1183729CC63C0004755DB /* CustomShapesView.swift in Sources */ = {isa = PBXBuildFile; fileRef = 17F1183629CC63C0004755DB /* CustomShapesView.swift */; };
		17F1183B29CC6678004755DB /* SimpleShapesCoordinator.swift in Sources */ = {isa = PBXBuildFile; fileRef = 17F1183A29CC6678004755DB /* SimpleShapesCoordinator.swift */; };
		17F1183D29CC668F004755DB /* SimpleShapesRoute.swift in Sources */ = {isa = PBXBuildFile; fileRef = 17F1183C29CC668F004755DB /* SimpleShapesRoute.swift */; };
		17F1183F29CC8A57004755DB /* CustomShapesCoordinator.swift in Sources */ = {isa = PBXBuildFile; fileRef = 17F1183E29CC8A57004755DB /* CustomShapesCoordinator.swift */; };
		17F1184129CC8A84004755DB /* CustomShapesRoute.swift in Sources */ = {isa = PBXBuildFile; fileRef = 17F1184029CC8A84004755DB /* CustomShapesRoute.swift */; };
		17F1184329CC8BA6004755DB /* Triangle.swift in Sources */ = {isa = PBXBuildFile; fileRef = 17F1184229CC8BA6004755DB /* Triangle.swift */; };
		17F1184529CC8CF6004755DB /* Star.swift in Sources */ = {isa = PBXBuildFile; fileRef = 17F1184429CC8CF6004755DB /* Star.swift */; };
		17F1184729CC8F1A004755DB /* Tower.swift in Sources */ = {isa = PBXBuildFile; fileRef = 17F1184629CC8F1A004755DB /* Tower.swift */; };
		182274C729C09C94001F9B50 /* SwiftUICoordinator in Frameworks */ = {isa = PBXBuildFile; productRef = 182274C629C09C94001F9B50 /* SwiftUICoordinator */; };
/* End PBXBuildFile section */

/* Begin PBXFileReference section */
		1732C9F829A6607500C2BC1F /* SwiftUICoordinatorExample.app */ = {isa = PBXFileReference; explicitFileType = wrapper.application; includeInIndex = 0; path = SwiftUICoordinatorExample.app; sourceTree = BUILT_PRODUCTS_DIR; };
		1732C9FB29A6607500C2BC1F /* SwiftUICoordinatorExampleApp.swift */ = {isa = PBXFileReference; lastKnownFileType = sourcecode.swift; path = SwiftUICoordinatorExampleApp.swift; sourceTree = "<group>"; };
		1732C9FF29A6607800C2BC1F /* Assets.xcassets */ = {isa = PBXFileReference; lastKnownFileType = folder.assetcatalog; path = Assets.xcassets; sourceTree = "<group>"; };
		1732CA0229A6607800C2BC1F /* Preview Assets.xcassets */ = {isa = PBXFileReference; lastKnownFileType = folder.assetcatalog; path = "Preview Assets.xcassets"; sourceTree = "<group>"; };
		17360A402A1275D600DB2296 /* FadeTransition.swift */ = {isa = PBXFileReference; lastKnownFileType = sourcecode.swift; path = FadeTransition.swift; sourceTree = "<group>"; };
		1769698D2AB49FCF00CD6696 /* DeepLinkHandler.swift */ = {isa = PBXFileReference; lastKnownFileType = sourcecode.swift; path = DeepLinkHandler.swift; sourceTree = "<group>"; };
		1769698F2AB4A25600CD6696 /* Info.plist */ = {isa = PBXFileReference; lastKnownFileType = text.plist.xml; path = Info.plist; sourceTree = "<group>"; };
		176F3CB429B8BF71009C4987 /* ShapesView.swift */ = {isa = PBXFileReference; lastKnownFileType = sourcecode.swift; path = ShapesView.swift; sourceTree = "<group>"; };
		176F3CB729B8C05B009C4987 /* ShapesCoordinator.swift */ = {isa = PBXFileReference; lastKnownFileType = sourcecode.swift; path = ShapesCoordinator.swift; sourceTree = "<group>"; };
		176F3CBA29B8C162009C4987 /* ShapesRoute.swift */ = {isa = PBXFileReference; lastKnownFileType = sourcecode.swift; path = ShapesRoute.swift; sourceTree = "<group>"; };
		17AABAEC2A6D5CF400AFE8A7 /* SimpleShapesAction.swift */ = {isa = PBXFileReference; lastKnownFileType = sourcecode.swift; path = SimpleShapesAction.swift; sourceTree = "<group>"; };
		17AABAEE2A6D5E1500AFE8A7 /* CustomShapesAction.swift */ = {isa = PBXFileReference; lastKnownFileType = sourcecode.swift; path = CustomShapesAction.swift; sourceTree = "<group>"; };
		17AABAF02A6D5F2100AFE8A7 /* ShapesAction.swift */ = {isa = PBXFileReference; lastKnownFileType = sourcecode.swift; path = ShapesAction.swift; sourceTree = "<group>"; };
		17E1C1FF2A1BD86D00542AB9 /* SwiftUICoordinator.xctestplan */ = {isa = PBXFileReference; lastKnownFileType = text; path = SwiftUICoordinator.xctestplan; sourceTree = "<group>"; };
		17F1183429CC63B1004755DB /* SimpleShapesView.swift */ = {isa = PBXFileReference; lastKnownFileType = sourcecode.swift; path = SimpleShapesView.swift; sourceTree = "<group>"; };
		17F1183629CC63C0004755DB /* CustomShapesView.swift */ = {isa = PBXFileReference; lastKnownFileType = sourcecode.swift; path = CustomShapesView.swift; sourceTree = "<group>"; };
		17F1183A29CC6678004755DB /* SimpleShapesCoordinator.swift */ = {isa = PBXFileReference; lastKnownFileType = sourcecode.swift; path = SimpleShapesCoordinator.swift; sourceTree = "<group>"; };
		17F1183C29CC668F004755DB /* SimpleShapesRoute.swift */ = {isa = PBXFileReference; lastKnownFileType = sourcecode.swift; path = SimpleShapesRoute.swift; sourceTree = "<group>"; };
		17F1183E29CC8A57004755DB /* CustomShapesCoordinator.swift */ = {isa = PBXFileReference; lastKnownFileType = sourcecode.swift; path = CustomShapesCoordinator.swift; sourceTree = "<group>"; };
		17F1184029CC8A84004755DB /* CustomShapesRoute.swift */ = {isa = PBXFileReference; lastKnownFileType = sourcecode.swift; path = CustomShapesRoute.swift; sourceTree = "<group>"; };
		17F1184229CC8BA6004755DB /* Triangle.swift */ = {isa = PBXFileReference; lastKnownFileType = sourcecode.swift; path = Triangle.swift; sourceTree = "<group>"; };
		17F1184429CC8CF6004755DB /* Star.swift */ = {isa = PBXFileReference; lastKnownFileType = sourcecode.swift; path = Star.swift; sourceTree = "<group>"; };
		17F1184629CC8F1A004755DB /* Tower.swift */ = {isa = PBXFileReference; lastKnownFileType = sourcecode.swift; path = Tower.swift; sourceTree = "<group>"; };
		182274C529C09C79001F9B50 /* SwiftUICoordinator */ = {isa = PBXFileReference; lastKnownFileType = wrapper; name = SwiftUICoordinator; path = ../..; sourceTree = "<group>"; };
/* End PBXFileReference section */

/* Begin PBXFrameworksBuildPhase section */
		1732C9F529A6607500C2BC1F /* Frameworks */ = {
			isa = PBXFrameworksBuildPhase;
			buildActionMask = 2147483647;
			files = (
				182274C729C09C94001F9B50 /* SwiftUICoordinator in Frameworks */,
			);
			runOnlyForDeploymentPostprocessing = 0;
		};
/* End PBXFrameworksBuildPhase section */

/* Begin PBXGroup section */
		1732C9EF29A6607500C2BC1F = {
			isa = PBXGroup;
			children = (
				17E1C1FF2A1BD86D00542AB9 /* SwiftUICoordinator.xctestplan */,
				182274C429C09C79001F9B50 /* Packages */,
				1732C9FA29A6607500C2BC1F /* SwiftUICoordinatorExample */,
				1732C9F929A6607500C2BC1F /* Products */,
				176F3CBE29B8CF75009C4987 /* Frameworks */,
			);
			sourceTree = "<group>";
		};
		1732C9F929A6607500C2BC1F /* Products */ = {
			isa = PBXGroup;
			children = (
				1732C9F829A6607500C2BC1F /* SwiftUICoordinatorExample.app */,
			);
			name = Products;
			sourceTree = "<group>";
		};
		1732C9FA29A6607500C2BC1F /* SwiftUICoordinatorExample */ = {
			isa = PBXGroup;
			children = (
				1769698F2AB4A25600CD6696 /* Info.plist */,
				1732C9FB29A6607500C2BC1F /* SwiftUICoordinatorExampleApp.swift */,
				176F3CB629B8C01E009C4987 /* Coordinators */,
				1769698C2AB49FB700CD6696 /* DeepLink */,
				176F3CB329B8BD92009C4987 /* Views */,
				17360A3F2A1275C000DB2296 /* Transitions */,
				1732C9FF29A6607800C2BC1F /* Assets.xcassets */,
				1732CA0129A6607800C2BC1F /* Preview Content */,
			);
			path = SwiftUICoordinatorExample;
			sourceTree = "<group>";
		};
		1732CA0129A6607800C2BC1F /* Preview Content */ = {
			isa = PBXGroup;
			children = (
				1732CA0229A6607800C2BC1F /* Preview Assets.xcassets */,
			);
			path = "Preview Content";
			sourceTree = "<group>";
		};
		17360A3F2A1275C000DB2296 /* Transitions */ = {
			isa = PBXGroup;
			children = (
				17360A402A1275D600DB2296 /* FadeTransition.swift */,
			);
			path = Transitions;
			sourceTree = "<group>";
		};
		1769698C2AB49FB700CD6696 /* DeepLink */ = {
			isa = PBXGroup;
			children = (
				1769698D2AB49FCF00CD6696 /* DeepLinkHandler.swift */,
			);
			path = DeepLink;
			sourceTree = "<group>";
		};
		176F3CB329B8BD92009C4987 /* Views */ = {
			isa = PBXGroup;
			children = (
				176F3CB429B8BF71009C4987 /* ShapesView.swift */,
				17F1183429CC63B1004755DB /* SimpleShapesView.swift */,
				17F1183629CC63C0004755DB /* CustomShapesView.swift */,
				17F1184229CC8BA6004755DB /* Triangle.swift */,
				17F1184429CC8CF6004755DB /* Star.swift */,
				17F1184629CC8F1A004755DB /* Tower.swift */,
			);
			path = Views;
			sourceTree = "<group>";
		};
		176F3CB629B8C01E009C4987 /* Coordinators */ = {
			isa = PBXGroup;
			children = (
				176F3CB929B8C143009C4987 /* Shapes */,
				17F1183929CC6648004755DB /* CustomShapes */,
				17F1183829CC662B004755DB /* SimpleShapes */,
			);
			path = Coordinators;
			sourceTree = "<group>";
		};
		176F3CB929B8C143009C4987 /* Shapes */ = {
			isa = PBXGroup;
			children = (
				176F3CB729B8C05B009C4987 /* ShapesCoordinator.swift */,
				176F3CBA29B8C162009C4987 /* ShapesRoute.swift */,
				17AABAF02A6D5F2100AFE8A7 /* ShapesAction.swift */,
			);
			path = Shapes;
			sourceTree = "<group>";
		};
		176F3CBE29B8CF75009C4987 /* Frameworks */ = {
			isa = PBXGroup;
			children = (
			);
			name = Frameworks;
			sourceTree = "<group>";
		};
		17F1183829CC662B004755DB /* SimpleShapes */ = {
			isa = PBXGroup;
			children = (
				17F1183A29CC6678004755DB /* SimpleShapesCoordinator.swift */,
				17F1183C29CC668F004755DB /* SimpleShapesRoute.swift */,
				17AABAEC2A6D5CF400AFE8A7 /* SimpleShapesAction.swift */,
			);
			path = SimpleShapes;
			sourceTree = "<group>";
		};
		17F1183929CC6648004755DB /* CustomShapes */ = {
			isa = PBXGroup;
			children = (
				17F1183E29CC8A57004755DB /* CustomShapesCoordinator.swift */,
				17F1184029CC8A84004755DB /* CustomShapesRoute.swift */,
				17AABAEE2A6D5E1500AFE8A7 /* CustomShapesAction.swift */,
			);
			path = CustomShapes;
			sourceTree = "<group>";
		};
		182274C429C09C79001F9B50 /* Packages */ = {
			isa = PBXGroup;
			children = (
				182274C529C09C79001F9B50 /* SwiftUICoordinator */,
			);
			name = Packages;
			sourceTree = "<group>";
		};
/* End PBXGroup section */

/* Begin PBXNativeTarget section */
		1732C9F729A6607500C2BC1F /* SwiftUICoordinatorExample */ = {
			isa = PBXNativeTarget;
			buildConfigurationList = 1732CA0629A6607800C2BC1F /* Build configuration list for PBXNativeTarget "SwiftUICoordinatorExample" */;
			buildPhases = (
				1732C9F429A6607500C2BC1F /* Sources */,
				1732C9F529A6607500C2BC1F /* Frameworks */,
				1732C9F629A6607500C2BC1F /* Resources */,
			);
			buildRules = (
			);
			dependencies = (
			);
			name = SwiftUICoordinatorExample;
			packageProductDependencies = (
				182274C629C09C94001F9B50 /* SwiftUICoordinator */,
			);
			productName = SwiftUICoordinatorExample;
			productReference = 1732C9F829A6607500C2BC1F /* SwiftUICoordinatorExample.app */;
			productType = "com.apple.product-type.application";
		};
/* End PBXNativeTarget section */

/* Begin PBXProject section */
		1732C9F029A6607500C2BC1F /* Project object */ = {
			isa = PBXProject;
			attributes = {
				BuildIndependentTargetsInParallel = 1;
				LastSwiftUpdateCheck = 1420;
				LastUpgradeCheck = 1420;
				TargetAttributes = {
					1732C9F729A6607500C2BC1F = {
						CreatedOnToolsVersion = 14.2;
					};
				};
			};
			buildConfigurationList = 1732C9F329A6607500C2BC1F /* Build configuration list for PBXProject "SwiftUICoordinatorExample" */;
			compatibilityVersion = "Xcode 14.0";
			developmentRegion = en;
			hasScannedForEncodings = 0;
			knownRegions = (
				en,
				Base,
			);
			mainGroup = 1732C9EF29A6607500C2BC1F;
			productRefGroup = 1732C9F929A6607500C2BC1F /* Products */;
			projectDirPath = "";
			projectRoot = "";
			targets = (
				1732C9F729A6607500C2BC1F /* SwiftUICoordinatorExample */,
			);
		};
/* End PBXProject section */

/* Begin PBXResourcesBuildPhase section */
		1732C9F629A6607500C2BC1F /* Resources */ = {
			isa = PBXResourcesBuildPhase;
			buildActionMask = 2147483647;
			files = (
				1732CA0329A6607800C2BC1F /* Preview Assets.xcassets in Resources */,
				1732CA0029A6607800C2BC1F /* Assets.xcassets in Resources */,
			);
			runOnlyForDeploymentPostprocessing = 0;
		};
/* End PBXResourcesBuildPhase section */

/* Begin PBXSourcesBuildPhase section */
		1732C9F429A6607500C2BC1F /* Sources */ = {
			isa = PBXSourcesBuildPhase;
			buildActionMask = 2147483647;
			files = (
				1769698E2AB49FCF00CD6696 /* DeepLinkHandler.swift in Sources */,
				17AABAEF2A6D5E1500AFE8A7 /* CustomShapesAction.swift in Sources */,
				17F1183729CC63C0004755DB /* CustomShapesView.swift in Sources */,
				17F1183B29CC6678004755DB /* SimpleShapesCoordinator.swift in Sources */,
				17F1184729CC8F1A004755DB /* Tower.swift in Sources */,
				17F1184329CC8BA6004755DB /* Triangle.swift in Sources */,
				1732C9FC29A6607500C2BC1F /* SwiftUICoordinatorExampleApp.swift in Sources */,
				17F1184529CC8CF6004755DB /* Star.swift in Sources */,
				17AABAF12A6D5F2100AFE8A7 /* ShapesAction.swift in Sources */,
				176F3CB829B8C05B009C4987 /* ShapesCoordinator.swift in Sources */,
				176F3CB529B8BF71009C4987 /* ShapesView.swift in Sources */,
				17360A412A1275D600DB2296 /* FadeTransition.swift in Sources */,
				17F1183D29CC668F004755DB /* SimpleShapesRoute.swift in Sources */,
				17F1183529CC63B1004755DB /* SimpleShapesView.swift in Sources */,
				176F3CBB29B8C162009C4987 /* ShapesRoute.swift in Sources */,
				17AABAED2A6D5CF400AFE8A7 /* SimpleShapesAction.swift in Sources */,
				17F1183F29CC8A57004755DB /* CustomShapesCoordinator.swift in Sources */,
				17F1184129CC8A84004755DB /* CustomShapesRoute.swift in Sources */,
			);
			runOnlyForDeploymentPostprocessing = 0;
		};
/* End PBXSourcesBuildPhase section */

/* Begin XCBuildConfiguration section */
		1732CA0429A6607800C2BC1F /* Debug */ = {
			isa = XCBuildConfiguration;
			buildSettings = {
				ALWAYS_SEARCH_USER_PATHS = NO;
				CLANG_ANALYZER_NONNULL = YES;
				CLANG_ANALYZER_NUMBER_OBJECT_CONVERSION = YES_AGGRESSIVE;
				CLANG_CXX_LANGUAGE_STANDARD = "gnu++20";
				CLANG_ENABLE_MODULES = YES;
				CLANG_ENABLE_OBJC_ARC = YES;
				CLANG_ENABLE_OBJC_WEAK = YES;
				CLANG_WARN_BLOCK_CAPTURE_AUTORELEASING = YES;
				CLANG_WARN_BOOL_CONVERSION = YES;
				CLANG_WARN_COMMA = YES;
				CLANG_WARN_CONSTANT_CONVERSION = YES;
				CLANG_WARN_DEPRECATED_OBJC_IMPLEMENTATIONS = YES;
				CLANG_WARN_DIRECT_OBJC_ISA_USAGE = YES_ERROR;
				CLANG_WARN_DOCUMENTATION_COMMENTS = YES;
				CLANG_WARN_EMPTY_BODY = YES;
				CLANG_WARN_ENUM_CONVERSION = YES;
				CLANG_WARN_INFINITE_RECURSION = YES;
				CLANG_WARN_INT_CONVERSION = YES;
				CLANG_WARN_NON_LITERAL_NULL_CONVERSION = YES;
				CLANG_WARN_OBJC_IMPLICIT_RETAIN_SELF = YES;
				CLANG_WARN_OBJC_LITERAL_CONVERSION = YES;
				CLANG_WARN_OBJC_ROOT_CLASS = YES_ERROR;
				CLANG_WARN_QUOTED_INCLUDE_IN_FRAMEWORK_HEADER = YES;
				CLANG_WARN_RANGE_LOOP_ANALYSIS = YES;
				CLANG_WARN_STRICT_PROTOTYPES = YES;
				CLANG_WARN_SUSPICIOUS_MOVE = YES;
				CLANG_WARN_UNGUARDED_AVAILABILITY = YES_AGGRESSIVE;
				CLANG_WARN_UNREACHABLE_CODE = YES;
				CLANG_WARN__DUPLICATE_METHOD_MATCH = YES;
				COPY_PHASE_STRIP = NO;
				DEBUG_INFORMATION_FORMAT = dwarf;
				ENABLE_STRICT_OBJC_MSGSEND = YES;
				ENABLE_TESTABILITY = YES;
				GCC_C_LANGUAGE_STANDARD = gnu11;
				GCC_DYNAMIC_NO_PIC = NO;
				GCC_NO_COMMON_BLOCKS = YES;
				GCC_OPTIMIZATION_LEVEL = 0;
				GCC_PREPROCESSOR_DEFINITIONS = (
					"DEBUG=1",
					"$(inherited)",
				);
				GCC_WARN_64_TO_32_BIT_CONVERSION = YES;
				GCC_WARN_ABOUT_RETURN_TYPE = YES_ERROR;
				GCC_WARN_UNDECLARED_SELECTOR = YES;
				GCC_WARN_UNINITIALIZED_AUTOS = YES_AGGRESSIVE;
				GCC_WARN_UNUSED_FUNCTION = YES;
				GCC_WARN_UNUSED_VARIABLE = YES;
				IPHONEOS_DEPLOYMENT_TARGET = 16.2;
				MTL_ENABLE_DEBUG_INFO = INCLUDE_SOURCE;
				MTL_FAST_MATH = YES;
				ONLY_ACTIVE_ARCH = YES;
				SDKROOT = iphoneos;
				SWIFT_ACTIVE_COMPILATION_CONDITIONS = DEBUG;
				SWIFT_OPTIMIZATION_LEVEL = "-Onone";
			};
			name = Debug;
		};
		1732CA0529A6607800C2BC1F /* Release */ = {
			isa = XCBuildConfiguration;
			buildSettings = {
				ALWAYS_SEARCH_USER_PATHS = NO;
				CLANG_ANALYZER_NONNULL = YES;
				CLANG_ANALYZER_NUMBER_OBJECT_CONVERSION = YES_AGGRESSIVE;
				CLANG_CXX_LANGUAGE_STANDARD = "gnu++20";
				CLANG_ENABLE_MODULES = YES;
				CLANG_ENABLE_OBJC_ARC = YES;
				CLANG_ENABLE_OBJC_WEAK = YES;
				CLANG_WARN_BLOCK_CAPTURE_AUTORELEASING = YES;
				CLANG_WARN_BOOL_CONVERSION = YES;
				CLANG_WARN_COMMA = YES;
				CLANG_WARN_CONSTANT_CONVERSION = YES;
				CLANG_WARN_DEPRECATED_OBJC_IMPLEMENTATIONS = YES;
				CLANG_WARN_DIRECT_OBJC_ISA_USAGE = YES_ERROR;
				CLANG_WARN_DOCUMENTATION_COMMENTS = YES;
				CLANG_WARN_EMPTY_BODY = YES;
				CLANG_WARN_ENUM_CONVERSION = YES;
				CLANG_WARN_INFINITE_RECURSION = YES;
				CLANG_WARN_INT_CONVERSION = YES;
				CLANG_WARN_NON_LITERAL_NULL_CONVERSION = YES;
				CLANG_WARN_OBJC_IMPLICIT_RETAIN_SELF = YES;
				CLANG_WARN_OBJC_LITERAL_CONVERSION = YES;
				CLANG_WARN_OBJC_ROOT_CLASS = YES_ERROR;
				CLANG_WARN_QUOTED_INCLUDE_IN_FRAMEWORK_HEADER = YES;
				CLANG_WARN_RANGE_LOOP_ANALYSIS = YES;
				CLANG_WARN_STRICT_PROTOTYPES = YES;
				CLANG_WARN_SUSPICIOUS_MOVE = YES;
				CLANG_WARN_UNGUARDED_AVAILABILITY = YES_AGGRESSIVE;
				CLANG_WARN_UNREACHABLE_CODE = YES;
				CLANG_WARN__DUPLICATE_METHOD_MATCH = YES;
				COPY_PHASE_STRIP = NO;
				DEBUG_INFORMATION_FORMAT = "dwarf-with-dsym";
				ENABLE_NS_ASSERTIONS = NO;
				ENABLE_STRICT_OBJC_MSGSEND = YES;
				GCC_C_LANGUAGE_STANDARD = gnu11;
				GCC_NO_COMMON_BLOCKS = YES;
				GCC_WARN_64_TO_32_BIT_CONVERSION = YES;
				GCC_WARN_ABOUT_RETURN_TYPE = YES_ERROR;
				GCC_WARN_UNDECLARED_SELECTOR = YES;
				GCC_WARN_UNINITIALIZED_AUTOS = YES_AGGRESSIVE;
				GCC_WARN_UNUSED_FUNCTION = YES;
				GCC_WARN_UNUSED_VARIABLE = YES;
				IPHONEOS_DEPLOYMENT_TARGET = 16.2;
				MTL_ENABLE_DEBUG_INFO = NO;
				MTL_FAST_MATH = YES;
				SDKROOT = iphoneos;
				SWIFT_COMPILATION_MODE = wholemodule;
				SWIFT_OPTIMIZATION_LEVEL = "-O";
				VALIDATE_PRODUCT = YES;
			};
			name = Release;
		};
		1732CA0729A6607800C2BC1F /* Debug */ = {
			isa = XCBuildConfiguration;
			buildSettings = {
				ASSETCATALOG_COMPILER_APPICON_NAME = AppIcon;
				ASSETCATALOG_COMPILER_GLOBAL_ACCENT_COLOR_NAME = AccentColor;
				CODE_SIGN_STYLE = Automatic;
				CURRENT_PROJECT_VERSION = 1;
				DEVELOPMENT_ASSET_PATHS = "\"SwiftUICoordinatorExample/Preview Content\"";
				DEVELOPMENT_TEAM = R69RCQLH2U;
				ENABLE_PREVIEWS = YES;
				GENERATE_INFOPLIST_FILE = YES;
				INFOPLIST_FILE = SwiftUICoordinatorExample/Info.plist;
				INFOPLIST_KEY_UIApplicationSceneManifest_Generation = YES;
				INFOPLIST_KEY_UIApplicationSupportsIndirectInputEvents = YES;
				INFOPLIST_KEY_UILaunchScreen_Generation = YES;
				INFOPLIST_KEY_UISupportedInterfaceOrientations_iPad = "UIInterfaceOrientationPortrait UIInterfaceOrientationPortraitUpsideDown UIInterfaceOrientationLandscapeLeft UIInterfaceOrientationLandscapeRight";
				INFOPLIST_KEY_UISupportedInterfaceOrientations_iPhone = "UIInterfaceOrientationPortrait UIInterfaceOrientationLandscapeLeft UIInterfaceOrientationLandscapeRight";
				LD_RUNPATH_SEARCH_PATHS = (
					"$(inherited)",
					"@executable_path/Frameworks",
				);
				MARKETING_VERSION = 1.0;
				PRODUCT_BUNDLE_IDENTIFIER = com.SwiftUICoordinatorExample;
				PRODUCT_NAME = "$(TARGET_NAME)";
				SWIFT_EMIT_LOC_STRINGS = YES;
				SWIFT_VERSION = 5.0;
				TARGETED_DEVICE_FAMILY = "1,2";
			};
			name = Debug;
		};
		1732CA0829A6607800C2BC1F /* Release */ = {
			isa = XCBuildConfiguration;
			buildSettings = {
				ASSETCATALOG_COMPILER_APPICON_NAME = AppIcon;
				ASSETCATALOG_COMPILER_GLOBAL_ACCENT_COLOR_NAME = AccentColor;
				CODE_SIGN_STYLE = Automatic;
				CURRENT_PROJECT_VERSION = 1;
				DEVELOPMENT_ASSET_PATHS = "\"SwiftUICoordinatorExample/Preview Content\"";
				DEVELOPMENT_TEAM = R69RCQLH2U;
				ENABLE_PREVIEWS = YES;
				GENERATE_INFOPLIST_FILE = YES;
				INFOPLIST_FILE = SwiftUICoordinatorExample/Info.plist;
				INFOPLIST_KEY_UIApplicationSceneManifest_Generation = YES;
				INFOPLIST_KEY_UIApplicationSupportsIndirectInputEvents = YES;
				INFOPLIST_KEY_UILaunchScreen_Generation = YES;
				INFOPLIST_KEY_UISupportedInterfaceOrientations_iPad = "UIInterfaceOrientationPortrait UIInterfaceOrientationPortraitUpsideDown UIInterfaceOrientationLandscapeLeft UIInterfaceOrientationLandscapeRight";
				INFOPLIST_KEY_UISupportedInterfaceOrientations_iPhone = "UIInterfaceOrientationPortrait UIInterfaceOrientationLandscapeLeft UIInterfaceOrientationLandscapeRight";
				LD_RUNPATH_SEARCH_PATHS = (
					"$(inherited)",
					"@executable_path/Frameworks",
				);
				MARKETING_VERSION = 1.0;
				PRODUCT_BUNDLE_IDENTIFIER = com.SwiftUICoordinatorExample;
				PRODUCT_NAME = "$(TARGET_NAME)";
				SWIFT_EMIT_LOC_STRINGS = YES;
				SWIFT_VERSION = 5.0;
				TARGETED_DEVICE_FAMILY = "1,2";
			};
			name = Release;
		};
/* End XCBuildConfiguration section */

/* Begin XCConfigurationList section */
		1732C9F329A6607500C2BC1F /* Build configuration list for PBXProject "SwiftUICoordinatorExample" */ = {
			isa = XCConfigurationList;
			buildConfigurations = (
				1732CA0429A6607800C2BC1F /* Debug */,
				1732CA0529A6607800C2BC1F /* Release */,
			);
			defaultConfigurationIsVisible = 0;
			defaultConfigurationName = Release;
		};
		1732CA0629A6607800C2BC1F /* Build configuration list for PBXNativeTarget "SwiftUICoordinatorExample" */ = {
			isa = XCConfigurationList;
			buildConfigurations = (
				1732CA0729A6607800C2BC1F /* Debug */,
				1732CA0829A6607800C2BC1F /* Release */,
			);
			defaultConfigurationIsVisible = 0;
			defaultConfigurationName = Release;
		};
/* End XCConfigurationList section */

/* Begin XCSwiftPackageProductDependency section */
		182274C629C09C94001F9B50 /* SwiftUICoordinator */ = {
			isa = XCSwiftPackageProductDependency;
			productName = SwiftUICoordinator;
		};
/* End XCSwiftPackageProductDependency section */
	};
	rootObject = 1732C9F029A6607500C2BC1F /* Project object */;
}
